<?xml version="1.0" encoding="utf-8"?>
<Project ToolsVersion="4.0" xmlns="http://schemas.microsoft.com/developer/msbuild/2003">
  <ItemGroup>
    <Filter Include="src">
      <UniqueIdentifier>{979cbfca-db76-4153-99c7-431db5b2921f}</UniqueIdentifier>
    </Filter>
    <Filter Include="include">
      <UniqueIdentifier>{fc405443-263b-4c0b-b80b-483cd7f52a09}</UniqueIdentifier>
    </Filter>
    <Filter Include="foundation">
      <UniqueIdentifier>{35f3b8a5-8012-4914-a308-d1a1600c4363}</UniqueIdentifier>
    </Filter>
  </ItemGroup>
  <ItemGroup>
    <ClCompile Include="src\canvas.cpp">
      <Filter>src</Filter>
    </ClCompile>
    <ClCompile Include="src\game_loop.cpp">
      <Filter>src</Filter>
    </ClCompile>
    <ClCompile Include="src\input_manager.cpp">
      <Filter>src</Filter>
    </ClCompile>
    <ClCompile Include="src\log.cpp">
      <Filter>src</Filter>
    </ClCompile>
    <ClCompile Include="src\main.cpp">
      <Filter>src</Filter>
    </ClCompile>
    <ClCompile Include="src\renderer.cpp">
      <Filter>src</Filter>
    </ClCompile>
    <ClCompile Include="src\texture.cpp">
      <Filter>src</Filter>
    </ClCompile>
    <ClCompile Include="src\window.cpp">
      <Filter>src</Filter>
    </ClCompile>
    <ClCompile Include="src\world.cpp">
      <Filter>src</Filter>
    </ClCompile>
    <ClCompile Include="bitsquid_foundation\memory.cpp">
      <Filter>foundation</Filter>
    </ClCompile>
    <ClCompile Include="bitsquid_foundation\murmur_hash.cpp">
      <Filter>foundation</Filter>
    </ClCompile>
    <ClCompile Include="bitsquid_foundation\string_stream.cpp">
      <Filter>foundation</Filter>
    </ClCompile>
  </ItemGroup>
  <ItemGroup>
    <ClInclude Include="include\canvas.hpp">
      <Filter>include</Filter>
    </ClInclude>
    <ClInclude Include="include\game_loop.hpp">
      <Filter>include</Filter>
    </ClInclude>
    <ClInclude Include="include\input_manager.hpp">
      <Filter>include</Filter>
    </ClInclude>
    <ClInclude Include="include\log.hpp">
      <Filter>include</Filter>
    </ClInclude>
    <ClInclude Include="include\renderer.hpp">
      <Filter>include</Filter>
    </ClInclude>
    <ClInclude Include="include\SDL_Utils.hpp">
      <Filter>include</Filter>
    </ClInclude>
    <ClInclude Include="include\texture.hpp">
      <Filter>include</Filter>
    </ClInclude>
    <ClInclude Include="include\window.hpp">
      <Filter>include</Filter>
    </ClInclude>
    <ClInclude Include="include\world.hpp">
      <Filter>include</Filter>
    </ClInclude>
    <ClInclude Include="bitsquid_foundation\array.h">
      <Filter>foundation</Filter>
    </ClInclude>
    <ClInclude Include="bitsquid_foundation\collection_types.h">
      <Filter>foundation</Filter>
    </ClInclude>
    <ClInclude Include="bitsquid_foundation\hash.h">
      <Filter>foundation</Filter>
    </ClInclude>
    <ClInclude Include="bitsquid_foundation\math_types.h">
      <Filter>foundation</Filter>
    </ClInclude>
    <ClInclude Include="bitsquid_foundation\memory.h">
      <Filter>foundation</Filter>
    </ClInclude>
    <ClInclude Include="bitsquid_foundation\memory_types.h">
      <Filter>foundation</Filter>
    </ClInclude>
    <ClInclude Include="bitsquid_foundation\murmur_hash.h">
      <Filter>foundation</Filter>
    </ClInclude>
    <ClInclude Include="bitsquid_foundation\queue.h">
      <Filter>foundation</Filter>
    </ClInclude>
    <ClInclude Include="bitsquid_foundation\snprintf_msvc.h">
      <Filter>foundation</Filter>
    </ClInclude>
    <ClInclude Include="bitsquid_foundation\string_stream.h">
      <Filter>foundation</Filter>
    </ClInclude>
    <ClInclude Include="bitsquid_foundation\temp_allocator.h">
      <Filter>foundation</Filter>
    </ClInclude>
    <ClInclude Include="bitsquid_foundation\types.h">
      <Filter>foundation</Filter>
    </ClInclude>
  </ItemGroup>
</Project>